{
  "name": "wav",
  "version": "1.0.0",
  "lockfileVersion": 2,
  "requires": true,
  "packages": {
    "": {
      "name": "wav",
      "version": "1.0.0",
      "license": "ISC",
      "dependencies": {
        "the-wav": "^1.0.2",
        "tonegenerator": "^0.3.2",
        "wav": "^1.0.2"
      }
    },
    "node_modules/amkdirp": {
      "version": "2.0.0",
      "resolved": "https://registry.npmjs.org/amkdirp/-/amkdirp-2.0.0.tgz",
      "integrity": "sha512-umRElYheWlhDrBzK3S4LIUUbZ7AVaYH6xAPwJM+EFW0B5EuLMP/7jppFfEQfZpwg/fNIW7DYPtxbtMhQU+U4VA==",
      "deprecated": "use mkdirp@1.x, which support promise api now",
      "dependencies": {
        "mkdirp": "^0.5.1"
      },
      "engines": {
        "node": ">=7.6",
        "npm": ">=4"
      }
    },
    "node_modules/buffer-alloc": {
      "version": "1.2.0",
      "resolved": "https://registry.npmjs.org/buffer-alloc/-/buffer-alloc-1.2.0.tgz",
      "integrity": "sha512-CFsHQgjtW1UChdXgbyJGtnm+O/uLQeZdtbDo8mfUgYXCHSM1wgrVxXm6bSyrUuErEb+4sYVGCzASBRot7zyrow==",
      "dependencies": {
        "buffer-alloc-unsafe": "^1.1.0",
        "buffer-fill": "^1.0.0"
      }
    },
    "node_modules/buffer-alloc-unsafe": {
      "version": "1.1.0",
      "resolved": "https://registry.npmjs.org/buffer-alloc-unsafe/-/buffer-alloc-unsafe-1.1.0.tgz",
      "integrity": "sha512-TEM2iMIEQdJ2yjPJoSIsldnleVaAk1oW3DBVUykyOLsEsFmEc9kn+SFFPz+gl54KQNxlDnAwCXosOS9Okx2xAg=="
    },
    "node_modules/buffer-fill": {
      "version": "1.0.0",
      "resolved": "https://registry.npmjs.org/buffer-fill/-/buffer-fill-1.0.0.tgz",
      "integrity": "sha1-+PeLdniYiO858gXNY39o5wISKyw="
    },
    "node_modules/buffer-from": {
      "version": "1.1.2",
      "resolved": "https://registry.npmjs.org/buffer-from/-/buffer-from-1.1.2.tgz",
      "integrity": "sha512-E+XQCRwSbaaiChtv6k6Dwgc+bx+Bs6vuKJHHl5kox/BaKbhiXzqQOwK4cO22yElGp2OCmjwVhT3HmxgyPGnJfQ=="
    },
    "node_modules/core-util-is": {
      "version": "1.0.3",
      "resolved": "https://registry.npmjs.org/core-util-is/-/core-util-is-1.0.3.tgz",
      "integrity": "sha512-ZQBvi1DcpJ4GDqanjucZ2Hj3wEO5pZDS89BWbkcrvdxksJorwUDDZamX9ldFkp9aw2lmBDLgkObEA4DWNJ9FYQ=="
    },
    "node_modules/debug": {
      "version": "2.6.9",
      "resolved": "https://registry.npmjs.org/debug/-/debug-2.6.9.tgz",
      "integrity": "sha512-bC7ElrdJaJnPbAP+1EotYvqZsb3ecl5wi6Bfi6BJTUcNowp6cvspg0jXznRTKDjm/E7AdgFBVeAPVMNcKGsHMA==",
      "dependencies": {
        "ms": "2.0.0"
      }
    },
    "node_modules/inherits": {
      "version": "2.0.4",
      "resolved": "https://registry.npmjs.org/inherits/-/inherits-2.0.4.tgz",
      "integrity": "sha512-k/vGaX4/Yla3WzyMCvTQOXYeIHvqOKtnqBduzTHpzpQZzAskKMhZ2K+EnBiSM9zGSoIFeMpXKxa4dYeZIQqewQ=="
    },
    "node_modules/isarray": {
      "version": "0.0.1",
      "resolved": "https://registry.npmjs.org/isarray/-/isarray-0.0.1.tgz",
      "integrity": "sha1-ihis/Kmo9Bd+Cav8YDiTmwXR7t8="
    },
    "node_modules/minimist": {
      "version": "1.2.6",
      "resolved": "https://registry.npmjs.org/minimist/-/minimist-1.2.6.tgz",
      "integrity": "sha512-Jsjnk4bw3YJqYzbdyBiNsPWHPfO++UGG749Cxs6peCu5Xg4nrena6OVxOYxrQTqww0Jmwt+Ref8rggumkTLz9Q=="
    },
    "node_modules/mkdirp": {
      "version": "0.5.6",
      "resolved": "https://registry.npmjs.org/mkdirp/-/mkdirp-0.5.6.tgz",
      "integrity": "sha512-FP+p8RB8OWpF3YZBCrP5gtADmtXApB5AMLn+vdyA+PyxCjrCs00mjyUozssO33cwDeT3wNGdLxJ5M//YqtHAJw==",
      "dependencies": {
        "minimist": "^1.2.6"
      },
      "bin": {
        "mkdirp": "bin/cmd.js"
      }
    },
    "node_modules/ms": {
      "version": "2.0.0",
      "resolved": "https://registry.npmjs.org/ms/-/ms-2.0.0.tgz",
      "integrity": "sha1-VgiurfwAvmwpAd9fmGF4jeDVl8g="
    },
    "node_modules/os-tmpdir": {
      "version": "1.0.2",
      "resolved": "https://registry.npmjs.org/os-tmpdir/-/os-tmpdir-1.0.2.tgz",
      "integrity": "sha1-u+Z0BseaqFxc/sdm/lc0VV36EnQ=",
      "engines": {
        "node": ">=0.10.0"
      }
    },
    "node_modules/readable-stream": {
      "version": "1.1.14",
      "resolved": "https://registry.npmjs.org/readable-stream/-/readable-stream-1.1.14.tgz",
      "integrity": "sha1-fPTFTvZI44EwhMY23SB54WbAgdk=",
      "dependencies": {
        "core-util-is": "~1.0.0",
        "inherits": "~2.0.1",
        "isarray": "0.0.1",
        "string_decoder": "~0.10.x"
      }
    },
    "node_modules/stream-parser": {
      "version": "0.3.1",
      "resolved": "https://registry.npmjs.org/stream-parser/-/stream-parser-0.3.1.tgz",
      "integrity": "sha1-FhhUhpRCACGhGC/wrxkRwSl2F3M=",
      "dependencies": {
        "debug": "2"
      }
    },
    "node_modules/string_decoder": {
      "version": "0.10.31",
      "resolved": "https://registry.npmjs.org/string_decoder/-/string_decoder-0.10.31.tgz",
      "integrity": "sha1-YuIDvEF2bGwoyfyEMB2rHFMQ+pQ="
    },
    "node_modules/the-binary": {
      "version": "1.0.2",
      "resolved": "https://registry.npmjs.org/the-binary/-/the-binary-1.0.2.tgz",
      "integrity": "sha512-gAgZQr3pBrqxbr7JoyFmi7Hc0RQgjB1hQBk5Cvyuntg9b1WaMsgz6JcFFhIx5J6WYnyvbfNfu45+kwY+gIGP/Q==",
      "engines": {
        "node": ">=8",
        "npm": ">=4"
      }
    },
    "node_modules/the-tmp": {
      "version": "1.0.11",
      "resolved": "https://registry.npmjs.org/the-tmp/-/the-tmp-1.0.11.tgz",
      "integrity": "sha512-jrKYuuYBoeLqAj+IEH3HnRj9sExcDmTZS2tCSnH2Sy8uuJKz95gVCckekMlKnpGlxqwMTeiBbrvW2rvoP3ac+Q==",
      "deprecated": "move to @the-/tmp ( https://github.com/the-labo/the/tree/master/packages/tmp#readme ) ",
      "dependencies": {
        "tmp": "0.0.33"
      },
      "engines": {
        "node": ">=8",
        "npm": ">=4"
      }
    },
    "node_modules/the-wav": {
      "version": "1.0.2",
      "resolved": "https://registry.npmjs.org/the-wav/-/the-wav-1.0.2.tgz",
      "integrity": "sha512-E9GvafjH9CU8UV1nhiOv3QF5KPVLxkGqfJzKdBc3PukCC+wdHMBi4uKTZGPWh8kmYj3mK9cYLG3B+V4z6rUtUw==",
      "dependencies": {
        "amkdirp": "^2.0.0",
        "the-binary": "^1.0.2",
        "the-tmp": "^1.0.5",
        "tmp": "0.0.33"
      },
      "engines": {
        "node": ">=8",
        "npm": ">=4"
      }
    },
    "node_modules/tmp": {
      "version": "0.0.33",
      "resolved": "https://registry.npmjs.org/tmp/-/tmp-0.0.33.tgz",
      "integrity": "sha512-jRCJlojKnZ3addtTOjdIqoRuPEKBvNXcGYqzO6zWZX8KfKEpnGY5jfggJQ3EjKuu8D4bJRr0y+cYJFmYbImXGw==",
      "dependencies": {
        "os-tmpdir": "~1.0.2"
      },
      "engines": {
        "node": ">=0.6.0"
      }
    },
    "node_modules/tonegenerator": {
      "version": "0.3.2",
      "resolved": "https://registry.npmjs.org/tonegenerator/-/tonegenerator-0.3.2.tgz",
      "integrity": "sha512-TWAMl0cf33WwkEF+jcIIKugwG+UMfWvi1cdjOUU81FWEM6znHbZ8U+ELzvm2goOJPDwcq+qfwbuJGle0F1ZjqA=="
    },
    "node_modules/wav": {
      "version": "1.0.2",
      "resolved": "https://registry.npmjs.org/wav/-/wav-1.0.2.tgz",
      "integrity": "sha512-viHtz3cDd/Tcr/HbNqzQCofKdF6kWUymH9LGDdskfWFoIy/HJ+RTihgjEcHfnsy1PO4e9B+y4HwgTwMrByquhg==",
      "dependencies": {
        "buffer-alloc": "^1.1.0",
        "buffer-from": "^1.0.0",
        "debug": "^2.2.0",
        "readable-stream": "^1.1.14",
        "stream-parser": "^0.3.1"
      }
    }
  },
  "dependencies": {
    "amkdirp": {
      "version": "2.0.0",
      "resolved": "https://registry.npmjs.org/amkdirp/-/amkdirp-2.0.0.tgz",
      "integrity": "sha512-umRElYheWlhDrBzK3S4LIUUbZ7AVaYH6xAPwJM+EFW0B5EuLMP/7jppFfEQfZpwg/fNIW7DYPtxbtMhQU+U4VA==",
      "requires": {
        "mkdirp": "^0.5.1"
      }
    },
    "buffer-alloc": {
      "version": "1.2.0",
      "resolved": "https://registry.npmjs.org/buffer-alloc/-/buffer-alloc-1.2.0.tgz",
      "integrity": "sha512-CFsHQgjtW1UChdXgbyJGtnm+O/uLQeZdtbDo8mfUgYXCHSM1wgrVxXm6bSyrUuErEb+4sYVGCzASBRot7zyrow==",
      "requires": {
        "buffer-alloc-unsafe": "^1.1.0",
        "buffer-fill": "^1.0.0"
      }
    },
    "buffer-alloc-unsafe": {
      "version": "1.1.0",
      "resolved": "https://registry.npmjs.org/buffer-alloc-unsafe/-/buffer-alloc-unsafe-1.1.0.tgz",
      "integrity": "sha512-TEM2iMIEQdJ2yjPJoSIsldnleVaAk1oW3DBVUykyOLsEsFmEc9kn+SFFPz+gl54KQNxlDnAwCXosOS9Okx2xAg=="
    },
    "buffer-fill": {
      "version": "1.0.0",
      "resolved": "https://registry.npmjs.org/buffer-fill/-/buffer-fill-1.0.0.tgz",
      "integrity": "sha1-+PeLdniYiO858gXNY39o5wISKyw="
    },
    "buffer-from": {
      "version": "1.1.2",
      "resolved": "https://registry.npmjs.org/buffer-from/-/buffer-from-1.1.2.tgz",
      "integrity": "sha512-E+XQCRwSbaaiChtv6k6Dwgc+bx+Bs6vuKJHHl5kox/BaKbhiXzqQOwK4cO22yElGp2OCmjwVhT3HmxgyPGnJfQ=="
    },
    "core-util-is": {
      "version": "1.0.3",
      "resolved": "https://registry.npmjs.org/core-util-is/-/core-util-is-1.0.3.tgz",
      "integrity": "sha512-ZQBvi1DcpJ4GDqanjucZ2Hj3wEO5pZDS89BWbkcrvdxksJorwUDDZamX9ldFkp9aw2lmBDLgkObEA4DWNJ9FYQ=="
    },
    "debug": {
      "version": "2.6.9",
      "resolved": "https://registry.npmjs.org/debug/-/debug-2.6.9.tgz",
      "integrity": "sha512-bC7ElrdJaJnPbAP+1EotYvqZsb3ecl5wi6Bfi6BJTUcNowp6cvspg0jXznRTKDjm/E7AdgFBVeAPVMNcKGsHMA==",
      "requires": {
        "ms": "2.0.0"
      }
    },
    "inherits": {
      "version": "2.0.4",
      "resolved": "https://registry.npmjs.org/inherits/-/inherits-2.0.4.tgz",
      "integrity": "sha512-k/vGaX4/Yla3WzyMCvTQOXYeIHvqOKtnqBduzTHpzpQZzAskKMhZ2K+EnBiSM9zGSoIFeMpXKxa4dYeZIQqewQ=="
    },
    "isarray": {
      "version": "0.0.1",
      "resolved": "https://registry.npmjs.org/isarray/-/isarray-0.0.1.tgz",
      "integrity": "sha1-ihis/Kmo9Bd+Cav8YDiTmwXR7t8="
    },
    "minimist": {
      "version": "1.2.6",
      "resolved": "https://registry.npmjs.org/minimist/-/minimist-1.2.6.tgz",
      "integrity": "sha512-Jsjnk4bw3YJqYzbdyBiNsPWHPfO++UGG749Cxs6peCu5Xg4nrena6OVxOYxrQTqww0Jmwt+Ref8rggumkTLz9Q=="
    },
    "mkdirp": {
      "version": "0.5.6",
      "resolved": "https://registry.npmjs.org/mkdirp/-/mkdirp-0.5.6.tgz",
      "integrity": "sha512-FP+p8RB8OWpF3YZBCrP5gtADmtXApB5AMLn+vdyA+PyxCjrCs00mjyUozssO33cwDeT3wNGdLxJ5M//YqtHAJw==",
      "requires": {
        "minimist": "^1.2.6"
      }
    },
    "ms": {
      "version": "2.0.0",
      "resolved": "https://registry.npmjs.org/ms/-/ms-2.0.0.tgz",
      "integrity": "sha1-VgiurfwAvmwpAd9fmGF4jeDVl8g="
    },
    "os-tmpdir": {
      "version": "1.0.2",
      "resolved": "https://registry.npmjs.org/os-tmpdir/-/os-tmpdir-1.0.2.tgz",
      "integrity": "sha1-u+Z0BseaqFxc/sdm/lc0VV36EnQ="
    },
    "readable-stream": {
      "version": "1.1.14",
      "resolved": "https://registry.npmjs.org/readable-stream/-/readable-stream-1.1.14.tgz",
      "integrity": "sha1-fPTFTvZI44EwhMY23SB54WbAgdk=",
      "requires": {
        "core-util-is": "~1.0.0",
        "inherits": "~2.0.1",
        "isarray": "0.0.1",
        "string_decoder": "~0.10.x"
      }
    },
    "stream-parser": {
      "version": "0.3.1",
      "resolved": "https://registry.npmjs.org/stream-parser/-/stream-parser-0.3.1.tgz",
      "integrity": "sha1-FhhUhpRCACGhGC/wrxkRwSl2F3M=",
      "requires": {
        "debug": "2"
      }
    },
    "string_decoder": {
      "version": "0.10.31",
      "resolved": "https://registry.npmjs.org/string_decoder/-/string_decoder-0.10.31.tgz",
      "integrity": "sha1-YuIDvEF2bGwoyfyEMB2rHFMQ+pQ="
    },
    "the-binary": {
      "version": "1.0.2",
      "resolved": "https://registry.npmjs.org/the-binary/-/the-binary-1.0.2.tgz",
      "integrity": "sha512-gAgZQr3pBrqxbr7JoyFmi7Hc0RQgjB1hQBk5Cvyuntg9b1WaMsgz6JcFFhIx5J6WYnyvbfNfu45+kwY+gIGP/Q=="
    },
    "the-tmp": {
      "version": "1.0.11",
      "resolved": "https://registry.npmjs.org/the-tmp/-/the-tmp-1.0.11.tgz",
      "integrity": "sha512-jrKYuuYBoeLqAj+IEH3HnRj9sExcDmTZS2tCSnH2Sy8uuJKz95gVCckekMlKnpGlxqwMTeiBbrvW2rvoP3ac+Q==",
      "requires": {
        "tmp": "0.0.33"
      }
    },
    "the-wav": {
      "version": "1.0.2",
      "resolved": "https://registry.npmjs.org/the-wav/-/the-wav-1.0.2.tgz",
      "integrity": "sha512-E9GvafjH9CU8UV1nhiOv3QF5KPVLxkGqfJzKdBc3PukCC+wdHMBi4uKTZGPWh8kmYj3mK9cYLG3B+V4z6rUtUw==",
      "requires": {
        "amkdirp": "^2.0.0",
        "the-binary": "^1.0.2",
        "the-tmp": "^1.0.5",
        "tmp": "0.0.33"
      }
    },
    "tmp": {
      "version": "0.0.33",
      "resolved": "https://registry.npmjs.org/tmp/-/tmp-0.0.33.tgz",
      "integrity": "sha512-jRCJlojKnZ3addtTOjdIqoRuPEKBvNXcGYqzO6zWZX8KfKEpnGY5jfggJQ3EjKuu8D4bJRr0y+cYJFmYbImXGw==",
      "requires": {
        "os-tmpdir": "~1.0.2"
      }
    },
    "tonegenerator": {
      "version": "0.3.2",
      "resolved": "https://registry.npmjs.org/tonegenerator/-/tonegenerator-0.3.2.tgz",
      "integrity": "sha512-TWAMl0cf33WwkEF+jcIIKugwG+UMfWvi1cdjOUU81FWEM6znHbZ8U+ELzvm2goOJPDwcq+qfwbuJGle0F1ZjqA=="
    },
    "wav": {
      "version": "1.0.2",
      "resolved": "https://registry.npmjs.org/wav/-/wav-1.0.2.tgz",
      "integrity": "sha512-viHtz3cDd/Tcr/HbNqzQCofKdF6kWUymH9LGDdskfWFoIy/HJ+RTihgjEcHfnsy1PO4e9B+y4HwgTwMrByquhg==",
      "requires": {
        "buffer-alloc": "^1.1.0",
        "buffer-from": "^1.0.0",
        "debug": "^2.2.0",
        "readable-stream": "^1.1.14",
        "stream-parser": "^0.3.1"
      }
    }
  }
}
